
Microsoft Visual Studio Solution File, Format Version 12.00
# Visual Studio Version 17
VisualStudioVersion = 17.1.32407.343
MinimumVisualStudioVersion = 10.0.40219.1
Project("{FAE04EC0-301F-11D3-BF4B-00C04F79EFBC}") = "DevTrackR", "DevTrackR.csproj", "{7CD721AC-32C0-43DF-A31B-F626276B00B5}"
EndProject
Global
	GlobalSection(SolutionConfigurationPlatforms) = preSolution
		Debug|Any CPU = Debug|Any CPU
		Release|Any CPU = Release|Any CPU
	EndGlobalSection
	GlobalSection(ProjectConfigurationPlatforms) = postSolution
		{7CD721AC-32C0-43DF-A31B-F626276B00B5}.Debug|Any CPU.ActiveCfg = Debug|Any CPU
		{7CD721AC-32C0-43DF-A31B-F626276B00B5}.Debug|Any CPU.Build.0 = Debug|Any CPU
		{7CD721AC-32C0-43DF-A31B-F626276B00B5}.Release|Any CPU.ActiveCfg = Release|Any CPU
		{7CD721AC-32C0-43DF-A31B-F626276B00B5}.Release|Any CPU.Build.0 = Release|Any CPU
	EndGlobalSection
	GlobalSection(SolutionProperties) = preSolution
		HideSolutionNode = FALSE
	EndGlobalSection
	GlobalSection(ExtensibilityGlobals) = postSolution
		SolutionGuid = {D4EB2A51-4E00-45C8-BDE6-C31D6B0259AF}
	EndGlobalSection
EndGlobal
